{
  "name": "spotinode",
  "version": "1.0.0",
  "lockfileVersion": 2,
  "requires": true,
  "packages": {
    "": {
      "version": "1.0.0",
      "license": "MIT",
      "dependencies": {
        "axios": "^0.21.0",
        "promise-socket": "^7.0.0",
        "protocol-buffers": "^4.2.0",
        "python-struct": "^1.1.3",
        "shannon": "^0.0.1"
      },
      "devDependencies": {
        "@types/node": "^14.14.14",
        "@types/python-struct": "^1.0.0"
      }
    },
    "node_modules/@types/long": {
      "version": "4.0.1",
      "resolved": "https://registry.npmjs.org/@types/long/-/long-4.0.1.tgz",
      "integrity": "sha512-5tXH6Bx/kNGd3MgffdmP4dy2Z+G4eaXw0SE81Tq3BNadtnMR5/ySMzX4SLEzHJzSmPNn4HIdpQsBvXMUykr58w==",
      "dev": true
    },
    "node_modules/@types/node": {
      "version": "14.14.14",
      "resolved": "https://registry.npmjs.org/@types/node/-/node-14.14.14.tgz",
      "integrity": "sha512-UHnOPWVWV1z+VV8k6L1HhG7UbGBgIdghqF3l9Ny9ApPghbjICXkUJSd/b9gOgQfjM1r+37cipdw/HJ3F6ICEnQ==",
      "dev": true
    },
    "node_modules/@types/python-struct": {
      "version": "1.0.0",
      "resolved": "https://registry.npmjs.org/@types/python-struct/-/python-struct-1.0.0.tgz",
      "integrity": "sha512-gQQlCX9/EgnG16mS81L37+3wg8FPPgamHF3kL5Vd3udqGTa20uX4dbzync3iehYdpquE60TT07YspxudnySXxw==",
      "dev": true,
      "dependencies": {
        "@types/long": "*",
        "@types/node": "*"
      }
    },
    "node_modules/axios": {
      "version": "0.21.0",
      "resolved": "https://registry.npmjs.org/axios/-/axios-0.21.0.tgz",
      "integrity": "sha512-fmkJBknJKoZwem3/IKSSLpkdNXZeBu5Q7GA/aRsr2btgrptmSCxi2oFjZHqGdK9DoTil9PIHlPIZw2EcRJXRvw==",
      "dependencies": {
        "follow-redirects": "^1.10.0"
      }
    },
    "node_modules/core-js": {
      "version": "3.8.1",
      "resolved": "https://registry.npmjs.org/core-js/-/core-js-3.8.1.tgz",
      "integrity": "sha512-9Id2xHY1W7m8hCl8NkhQn5CufmF/WuR30BTRewvCXc1aZd3kMECwNZ69ndLbekKfakw9Rf2Xyc+QR6E7Gg+obg==",
      "hasInstallScript": true,
      "funding": {
        "type": "opencollective",
        "url": "https://opencollective.com/core-js"
      }
    },
    "node_modules/follow-redirects": {
      "version": "1.13.1",
      "resolved": "https://registry.npmjs.org/follow-redirects/-/follow-redirects-1.13.1.tgz",
      "integrity": "sha512-SSG5xmZh1mkPGyKzjZP8zLjltIfpW32Y5QpdNJyjcfGxK3qo3NDDkZOZSFiGn1A6SclQxY9GzEwAHQ3dmYRWpg==",
      "funding": [
        {
          "type": "individual",
          "url": "https://github.com/sponsors/RubenVerborgh"
        }
      ],
      "engines": {
        "node": ">=4.0"
      },
      "peerDependenciesMeta": {
        "debug": {
          "optional": true
        }
      }
    },
    "node_modules/generate-function": {
      "version": "2.3.1",
      "resolved": "https://registry.npmjs.org/generate-function/-/generate-function-2.3.1.tgz",
      "integrity": "sha512-eeB5GfMNeevm/GRYq20ShmsaGcmI81kIX2K9XQx5miC8KdHaC6Jm0qQ8ZNeGOi7wYB8OsdxKs+Y2oVuTFuVwKQ==",
      "dependencies": {
        "is-property": "^1.0.2"
      }
    },
    "node_modules/generate-object-property": {
      "version": "1.2.0",
      "resolved": "https://registry.npmjs.org/generate-object-property/-/generate-object-property-1.2.0.tgz",
      "integrity": "sha1-nA4cQDCM6AT0eDYYuTf6iPmdUNA=",
      "dependencies": {
        "is-property": "^1.0.0"
      }
    },
    "node_modules/is-property": {
      "version": "1.0.2",
      "resolved": "https://registry.npmjs.org/is-property/-/is-property-1.0.2.tgz",
      "integrity": "sha1-V/4cTkhHTt1lsJkR8msc1Ald2oQ="
    },
    "node_modules/long": {
      "version": "4.0.0",
      "resolved": "https://registry.npmjs.org/long/-/long-4.0.0.tgz",
      "integrity": "sha512-XsP+KhQif4bjX1kbuSiySJFNAehNxgLb6hPRGJ9QsUr8ajHkuXGdrHmFUTUUXhDwVX2R5bY4JNZEwbUiMhV+MA=="
    },
    "node_modules/promise-duplex": {
      "version": "6.0.0",
      "resolved": "https://registry.npmjs.org/promise-duplex/-/promise-duplex-6.0.0.tgz",
      "integrity": "sha512-ZL7rquzjTFzInDBeWYcsT+qddolNvzigahk6MI6qLSbQvlyRRCJkU3JztgaVunzvkH28smRa2Qu/cY9RXtSkgA==",
      "dependencies": {
        "core-js": "^3.6.5",
        "promise-readable": "^6.0.0",
        "promise-writable": "^6.0.0"
      },
      "engines": {
        "node": ">=10.0.0"
      }
    },
    "node_modules/promise-readable": {
      "version": "6.0.0",
      "resolved": "https://registry.npmjs.org/promise-readable/-/promise-readable-6.0.0.tgz",
      "integrity": "sha512-5NxtmUswijvX5cAM0zPSy6yiCXH/eKBpiiBq6JfAUrmngMquMbzcBhF2qA+ocs4rYYKdvAfv3cOvZxADLtL1CA==",
      "dependencies": {
        "core-js": "^3.6.5"
      },
      "engines": {
        "node": ">=10.0.0"
      }
    },
    "node_modules/promise-socket": {
      "version": "7.0.0",
      "resolved": "https://registry.npmjs.org/promise-socket/-/promise-socket-7.0.0.tgz",
      "integrity": "sha512-Oic9BrxmcHOPEnzKp2Js+ehFyvsbd0WxsE5khweCTHuRvdzbXjHUZmSDT6F9TW8SIkAJ0lCzoHjMYnb0WQJPiw==",
      "dependencies": {
        "promise-duplex": "^6.0.0",
        "tslib": "^2.0.1"
      },
      "engines": {
        "node": ">=10.0.0"
      }
    },
    "node_modules/promise-writable": {
      "version": "6.0.0",
      "resolved": "https://registry.npmjs.org/promise-writable/-/promise-writable-6.0.0.tgz",
      "integrity": "sha512-b81zre/itgJFS7dwWzIdKNVVqvLiUxYRS/wolUB0H1YY/tAaS146XGKa4Q/5wCbsnXLyn0MCeV6f8HHe4iUHLg==",
      "engines": {
        "node": ">=10.0.0"
      }
    },
    "node_modules/protocol-buffers": {
      "version": "4.2.0",
      "resolved": "https://registry.npmjs.org/protocol-buffers/-/protocol-buffers-4.2.0.tgz",
      "integrity": "sha512-hNp56d5uuREVde7UqP+dmBkwzxrhJwYU5nL/mdivyFfkRZdgAgojkyBeU3jKo7ZHrjdSx6Q1CwUmYJI6INt20g==",
      "dependencies": {
        "generate-function": "^2.0.0",
        "generate-object-property": "^1.2.0",
        "protocol-buffers-encodings": "^1.1.0",
        "protocol-buffers-schema": "^3.1.1",
        "signed-varint": "^2.0.0",
        "varint": "^5.0.0"
      },
      "bin": {
        "protocol-buffers": "bin.js"
      }
    },
    "node_modules/protocol-buffers-encodings": {
      "version": "1.1.1",
      "resolved": "https://registry.npmjs.org/protocol-buffers-encodings/-/protocol-buffers-encodings-1.1.1.tgz",
      "integrity": "sha512-5aFshI9SbhtcMiDiZZu3g2tMlZeS5lhni//AGJ7V34PQLU5JA91Cva7TIs6inZhYikS3OpnUzAUuL6YtS0CyDA==",
      "dependencies": {
        "signed-varint": "^2.0.1",
        "varint": "5.0.0"
      }
    },
    "node_modules/protocol-buffers-encodings/node_modules/varint": {
      "version": "5.0.0",
      "resolved": "https://registry.npmjs.org/varint/-/varint-5.0.0.tgz",
      "integrity": "sha1-2Ca4n3SQcy+rwMDtaT7Uddyynr8="
    },
    "node_modules/protocol-buffers-schema": {
      "version": "3.4.0",
      "resolved": "https://registry.npmjs.org/protocol-buffers-schema/-/protocol-buffers-schema-3.4.0.tgz",
      "integrity": "sha512-G/2kcamPF2S49W5yaMGdIpkG6+5wZF0fzBteLKgEHjbNzqjZQ85aAs1iJGto31EJaSTkNvHs5IXuHSaTLWBAiA=="
    },
    "node_modules/python-struct": {
      "version": "1.1.3",
      "resolved": "https://registry.npmjs.org/python-struct/-/python-struct-1.1.3.tgz",
      "integrity": "sha512-UsI/mNvk25jRpGKYI38Nfbv84z48oiIWwG67DLVvjRhy8B/0aIK+5Ju5WOHgw/o9rnEmbAS00v4rgKFQeC332Q==",
      "dependencies": {
        "long": "^4.0.0"
      }
    },
    "node_modules/shannon": {
      "version": "0.0.1",
      "resolved": "https://registry.npmjs.org/shannon/-/shannon-0.0.1.tgz",
      "integrity": "sha512-fKMx9mJR0OD0+wRWCXRBruSJ+AV6hYuLCusZaWDWeUkTEB4a8vu8LeqXccD36RK3O0HaCd41tOCxYmiJ/k3O5w=="
    },
    "node_modules/signed-varint": {
      "version": "2.0.1",
      "resolved": "https://registry.npmjs.org/signed-varint/-/signed-varint-2.0.1.tgz",
      "integrity": "sha1-UKmYnafJjCxh2tEZvJdHDvhSgSk=",
      "dependencies": {
        "varint": "~5.0.0"
      }
    },
    "node_modules/tslib": {
      "version": "2.0.3",
      "resolved": "https://registry.npmjs.org/tslib/-/tslib-2.0.3.tgz",
      "integrity": "sha512-uZtkfKblCEQtZKBF6EBXVZeQNl82yqtDQdv+eck8u7tdPxjLu2/lp5/uPW+um2tpuxINHWy3GhiccY7QgEaVHQ=="
    },
    "node_modules/varint": {
      "version": "5.0.2",
      "resolved": "https://registry.npmjs.org/varint/-/varint-5.0.2.tgz",
      "integrity": "sha512-lKxKYG6H03yCZUpAGOPOsMcGxd1RHCu1iKvEHYDPmTyq2HueGhD73ssNBqqQWfvYs04G9iUFRvmAVLW20Jw6ow=="
    }
  },
  "dependencies": {
    "@types/long": {
      "version": "4.0.1",
      "resolved": "https://registry.npmjs.org/@types/long/-/long-4.0.1.tgz",
      "integrity": "sha512-5tXH6Bx/kNGd3MgffdmP4dy2Z+G4eaXw0SE81Tq3BNadtnMR5/ySMzX4SLEzHJzSmPNn4HIdpQsBvXMUykr58w==",
      "dev": true
    },
    "@types/node": {
      "version": "14.14.14",
      "resolved": "https://registry.npmjs.org/@types/node/-/node-14.14.14.tgz",
      "integrity": "sha512-UHnOPWVWV1z+VV8k6L1HhG7UbGBgIdghqF3l9Ny9ApPghbjICXkUJSd/b9gOgQfjM1r+37cipdw/HJ3F6ICEnQ==",
      "dev": true
    },
    "@types/python-struct": {
      "version": "1.0.0",
      "resolved": "https://registry.npmjs.org/@types/python-struct/-/python-struct-1.0.0.tgz",
      "integrity": "sha512-gQQlCX9/EgnG16mS81L37+3wg8FPPgamHF3kL5Vd3udqGTa20uX4dbzync3iehYdpquE60TT07YspxudnySXxw==",
      "dev": true,
      "requires": {
        "@types/long": "*",
        "@types/node": "*"
      }
    },
    "axios": {
      "version": "0.21.0",
      "resolved": "https://registry.npmjs.org/axios/-/axios-0.21.0.tgz",
      "integrity": "sha512-fmkJBknJKoZwem3/IKSSLpkdNXZeBu5Q7GA/aRsr2btgrptmSCxi2oFjZHqGdK9DoTil9PIHlPIZw2EcRJXRvw==",
      "requires": {
        "follow-redirects": "^1.10.0"
      }
    },
    "core-js": {
      "version": "3.8.1",
      "resolved": "https://registry.npmjs.org/core-js/-/core-js-3.8.1.tgz",
      "integrity": "sha512-9Id2xHY1W7m8hCl8NkhQn5CufmF/WuR30BTRewvCXc1aZd3kMECwNZ69ndLbekKfakw9Rf2Xyc+QR6E7Gg+obg=="
    },
    "follow-redirects": {
      "version": "1.13.1",
      "resolved": "https://registry.npmjs.org/follow-redirects/-/follow-redirects-1.13.1.tgz",
      "integrity": "sha512-SSG5xmZh1mkPGyKzjZP8zLjltIfpW32Y5QpdNJyjcfGxK3qo3NDDkZOZSFiGn1A6SclQxY9GzEwAHQ3dmYRWpg=="
    },
    "generate-function": {
      "version": "2.3.1",
      "resolved": "https://registry.npmjs.org/generate-function/-/generate-function-2.3.1.tgz",
      "integrity": "sha512-eeB5GfMNeevm/GRYq20ShmsaGcmI81kIX2K9XQx5miC8KdHaC6Jm0qQ8ZNeGOi7wYB8OsdxKs+Y2oVuTFuVwKQ==",
      "requires": {
        "is-property": "^1.0.2"
      }
    },
    "generate-object-property": {
      "version": "1.2.0",
      "resolved": "https://registry.npmjs.org/generate-object-property/-/generate-object-property-1.2.0.tgz",
      "integrity": "sha1-nA4cQDCM6AT0eDYYuTf6iPmdUNA=",
      "requires": {
        "is-property": "^1.0.0"
      }
    },
    "is-property": {
      "version": "1.0.2",
      "resolved": "https://registry.npmjs.org/is-property/-/is-property-1.0.2.tgz",
      "integrity": "sha1-V/4cTkhHTt1lsJkR8msc1Ald2oQ="
    },
    "long": {
      "version": "4.0.0",
      "resolved": "https://registry.npmjs.org/long/-/long-4.0.0.tgz",
      "integrity": "sha512-XsP+KhQif4bjX1kbuSiySJFNAehNxgLb6hPRGJ9QsUr8ajHkuXGdrHmFUTUUXhDwVX2R5bY4JNZEwbUiMhV+MA=="
    },
    "promise-duplex": {
      "version": "6.0.0",
      "resolved": "https://registry.npmjs.org/promise-duplex/-/promise-duplex-6.0.0.tgz",
      "integrity": "sha512-ZL7rquzjTFzInDBeWYcsT+qddolNvzigahk6MI6qLSbQvlyRRCJkU3JztgaVunzvkH28smRa2Qu/cY9RXtSkgA==",
      "requires": {
        "core-js": "^3.6.5",
        "promise-readable": "^6.0.0",
        "promise-writable": "^6.0.0"
      }
    },
    "promise-readable": {
      "version": "6.0.0",
      "resolved": "https://registry.npmjs.org/promise-readable/-/promise-readable-6.0.0.tgz",
      "integrity": "sha512-5NxtmUswijvX5cAM0zPSy6yiCXH/eKBpiiBq6JfAUrmngMquMbzcBhF2qA+ocs4rYYKdvAfv3cOvZxADLtL1CA==",
      "requires": {
        "core-js": "^3.6.5"
      }
    },
    "promise-socket": {
      "version": "7.0.0",
      "resolved": "https://registry.npmjs.org/promise-socket/-/promise-socket-7.0.0.tgz",
      "integrity": "sha512-Oic9BrxmcHOPEnzKp2Js+ehFyvsbd0WxsE5khweCTHuRvdzbXjHUZmSDT6F9TW8SIkAJ0lCzoHjMYnb0WQJPiw==",
      "requires": {
        "promise-duplex": "^6.0.0",
        "tslib": "^2.0.1"
      }
    },
    "promise-writable": {
      "version": "6.0.0",
      "resolved": "https://registry.npmjs.org/promise-writable/-/promise-writable-6.0.0.tgz",
      "integrity": "sha512-b81zre/itgJFS7dwWzIdKNVVqvLiUxYRS/wolUB0H1YY/tAaS146XGKa4Q/5wCbsnXLyn0MCeV6f8HHe4iUHLg=="
    },
    "protocol-buffers": {
      "version": "4.2.0",
      "resolved": "https://registry.npmjs.org/protocol-buffers/-/protocol-buffers-4.2.0.tgz",
      "integrity": "sha512-hNp56d5uuREVde7UqP+dmBkwzxrhJwYU5nL/mdivyFfkRZdgAgojkyBeU3jKo7ZHrjdSx6Q1CwUmYJI6INt20g==",
      "requires": {
        "generate-function": "^2.0.0",
        "generate-object-property": "^1.2.0",
        "protocol-buffers-encodings": "^1.1.0",
        "protocol-buffers-schema": "^3.1.1",
        "signed-varint": "^2.0.0",
        "varint": "^5.0.0"
      }
    },
    "protocol-buffers-encodings": {
      "version": "1.1.1",
      "resolved": "https://registry.npmjs.org/protocol-buffers-encodings/-/protocol-buffers-encodings-1.1.1.tgz",
      "integrity": "sha512-5aFshI9SbhtcMiDiZZu3g2tMlZeS5lhni//AGJ7V34PQLU5JA91Cva7TIs6inZhYikS3OpnUzAUuL6YtS0CyDA==",
      "requires": {
        "signed-varint": "^2.0.1",
        "varint": "5.0.0"
      },
      "dependencies": {
        "varint": {
          "version": "5.0.0",
          "resolved": "https://registry.npmjs.org/varint/-/varint-5.0.0.tgz",
          "integrity": "sha1-2Ca4n3SQcy+rwMDtaT7Uddyynr8="
        }
      }
    },
    "protocol-buffers-schema": {
      "version": "3.4.0",
      "resolved": "https://registry.npmjs.org/protocol-buffers-schema/-/protocol-buffers-schema-3.4.0.tgz",
      "integrity": "sha512-G/2kcamPF2S49W5yaMGdIpkG6+5wZF0fzBteLKgEHjbNzqjZQ85aAs1iJGto31EJaSTkNvHs5IXuHSaTLWBAiA=="
    },
    "python-struct": {
      "version": "1.1.3",
      "resolved": "https://registry.npmjs.org/python-struct/-/python-struct-1.1.3.tgz",
      "integrity": "sha512-UsI/mNvk25jRpGKYI38Nfbv84z48oiIWwG67DLVvjRhy8B/0aIK+5Ju5WOHgw/o9rnEmbAS00v4rgKFQeC332Q==",
      "requires": {
        "long": "^4.0.0"
      }
    },
    "shannon": {
      "version": "0.0.1",
      "resolved": "https://registry.npmjs.org/shannon/-/shannon-0.0.1.tgz",
      "integrity": "sha512-fKMx9mJR0OD0+wRWCXRBruSJ+AV6hYuLCusZaWDWeUkTEB4a8vu8LeqXccD36RK3O0HaCd41tOCxYmiJ/k3O5w=="
    },
    "signed-varint": {
      "version": "2.0.1",
      "resolved": "https://registry.npmjs.org/signed-varint/-/signed-varint-2.0.1.tgz",
      "integrity": "sha1-UKmYnafJjCxh2tEZvJdHDvhSgSk=",
      "requires": {
        "varint": "~5.0.0"
      }
    },
    "tslib": {
      "version": "2.0.3",
      "resolved": "https://registry.npmjs.org/tslib/-/tslib-2.0.3.tgz",
      "integrity": "sha512-uZtkfKblCEQtZKBF6EBXVZeQNl82yqtDQdv+eck8u7tdPxjLu2/lp5/uPW+um2tpuxINHWy3GhiccY7QgEaVHQ=="
    },
    "varint": {
      "version": "5.0.2",
      "resolved": "https://registry.npmjs.org/varint/-/varint-5.0.2.tgz",
      "integrity": "sha512-lKxKYG6H03yCZUpAGOPOsMcGxd1RHCu1iKvEHYDPmTyq2HueGhD73ssNBqqQWfvYs04G9iUFRvmAVLW20Jw6ow=="
    }
  }
}
